{
  "name": "aivm-lm",
  "version": "0.0.0",
  "lockfileVersion": 3,
  "requires": true,
  "packages": {
    "": {
      "name": "aivm-lm",
      "version": "0.0.0",
      "workspaces": [
        "packages/*",
        "apps/*"
      ],
      "devDependencies": {
        "@types/node": "^22.10.0",
        "typescript": "^5.7.0"
      },
      "engines": {
        "node": ">=22.5"
      }
    },
    "apps/agent": {
      "name": "@aivm/agent",
      "version": "0.0.0"
    },
    "apps/mcp": {
      "name": "@aivm/mcp",
      "version": "0.0.0"
    },
    "node_modules/@aivm/acquisition": {
      "resolved": "packages/acquisition",
      "link": true
    },
    "node_modules/@aivm/agent": {
      "resolved": "apps/agent",
      "link": true
    },
    "node_modules/@aivm/artifacts": {
      "resolved": "packages/artifacts",
      "link": true
    },
    "node_modules/@aivm/casefile": {
      "resolved": "packages/casefile",
      "link": true
    },
    "node_modules/@aivm/flash": {
      "resolved": "packages/flash",
      "link": true
    },
    "node_modules/@aivm/identify": {
      "resolved": "packages/identify",
      "link": true
    },
    "node_modules/@aivm/mcp": {
      "resolved": "apps/mcp",
      "link": true
    },
    "node_modules/@aivm/profiles": {
      "resolved": "packages/profiles",
      "link": true
    },
    "node_modules/@aivm/recon": {
      "resolved": "packages/recon",
      "link": true
    },
    "node_modules/@aivm/runtime": {
      "resolved": "packages/runtime",
      "link": true
    },
    "node_modules/@aivm/swarm": {
      "resolved": "packages/swarm",
      "link": true
    },
    "node_modules/@aivm/tor": {
      "resolved": "packages/tor",
      "link": true
    },
    "node_modules/@types/node": {
      "version": "22.19.21",
      "resolved": "https://registry.npmjs.org/@types/node/-/node-22.19.21.tgz",
      "integrity": "sha512-VMeFBSCKQKmm2swI2kW51SFusDqekC6q9trBCvJ/JliDchFSuoYYKN7yVNjPthP1HKZcx3U1gI/wTcEBjEFKTA==",
      "dev": true,
      "license": "MIT",
      "dependencies": {
        "undici-types": "~6.21.0"
      }
    },
    "node_modules/typescript": {
      "version": "5.9.3",
      "resolved": "https://registry.npmjs.org/typescript/-/typescript-5.9.3.tgz",
      "integrity": "sha512-jl1vZzPDinLr9eUt3J/t7V6FgNEw9QjvBPdysz9KfQDD41fQrC2Y4vKQdiaUpFT4bXlb1RHhLpp8wtm6M5TgSw==",
      "dev": true,
      "license": "Apache-2.0",
      "bin": {
        "tsc": "bin/tsc",
        "tsserver": "bin/tsserver"
      },
      "engines": {
        "node": ">=14.17"
      }
    },
    "node_modules/undici-types": {
      "version": "6.21.0",
      "resolved": "https://registry.npmjs.org/undici-types/-/undici-types-6.21.0.tgz",
      "integrity": "sha512-iwDZqg0QAGrg9Rav5H4n0M64c3mkR59cJ6wQp+7C4nI0gsmExaedaYLNO44eT4AtBBwjbTiGPMlt2Md0T9H9JQ==",
      "dev": true,
      "license": "MIT"
    },
    "packages/acquisition": {
      "name": "@aivm/acquisition",
      "version": "0.0.0"
    },
    "packages/artifacts": {
      "name": "@aivm/artifacts",
      "version": "0.0.0"
    },
    "packages/casefile": {
      "name": "@aivm/casefile",
      "version": "0.0.0"
    },
    "packages/flash": {
      "name": "@aivm/flash",
      "version": "0.0.0"
    },
    "packages/identify": {
      "name": "@aivm/identify",
      "version": "0.0.0"
    },
    "packages/profiles": {
      "name": "@aivm/profiles",
      "version": "0.0.0"
    },
    "packages/recon": {
      "name": "@aivm/recon",
      "version": "0.0.0"
    },
    "packages/runtime": {
      "name": "@aivm/runtime",
      "version": "0.0.0"
    },
    "packages/swarm": {
      "name": "@aivm/swarm",
      "version": "0.0.0"
    },
    "packages/tor": {
      "name": "@aivm/tor",
      "version": "0.0.0"
    }
  }
}
